
Microsoft Visual Studio Solution File, Format Version 12.00
# Visual Studio Version 17
VisualStudioVersion = 17.6.33829.357
MinimumVisualStudioVersion = 10.0.40219.1
Project("{8BC9CEB8-8B4A-11D0-8D11-00A0C91BC942}") = "vulkan_video_decode", "vulkan_video_decode.vcxproj", "{4FFA44D0-6ED3-4870-8C67-79B29ECF4BB0}"
EndProject
Global
	GlobalSection(SolutionConfigurationPlatforms) = preSolution
		Debug|x64 = Debug|x64
		Debug|x86 = Debug|x86
		Release|x64 = Release|x64
		Release|x86 = Release|x86
	EndGlobalSection
	GlobalSection(ProjectConfigurationPlatforms) = postSolution
		{4FFA44D0-6ED3-4870-8C67-79B29ECF4BB0}.Debug|x64.ActiveCfg = Debug|x64
		{4FFA44D0-6ED3-4870-8C67-79B29ECF4BB0}.Debug|x64.Build.0 = Debug|x64
		{4FFA44D0-6ED3-4870-8C67-79B29ECF4BB0}.Debug|x86.ActiveCfg = Debug|Win32
		{4FFA44D0-6ED3-4870-8C67-79B29ECF4BB0}.Debug|x86.Build.0 = Debug|Win32
		{4FFA44D0-6ED3-4870-8C67-79B29ECF4BB0}.Release|x64.ActiveCfg = Release|x64
		{4FFA44D0-6ED3-4870-8C67-79B29ECF4BB0}.Release|x64.Build.0 = Release|x64
		{4FFA44D0-6ED3-4870-8C67-79B29ECF4BB0}.Release|x86.ActiveCfg = Release|Win32
		{4FFA44D0-6ED3-4870-8C67-79B29ECF4BB0}.Release|x86.Build.0 = Release|Win32
	EndGlobalSection
	GlobalSection(SolutionProperties) = preSolution
		HideSolutionNode = FALSE
	EndGlobalSection
	GlobalSection(ExtensibilityGlobals) = postSolution
		SolutionGuid = {803F786F-F833-4CE7-8753-A4A692EA4521}
	EndGlobalSection
EndGlobal
